// !$*UTF8*$!
{
	archiveVersion = 1;
	classes = {
	};
	objectVersion = 56;
	objects = {

/* Begin PBXBuildFile section */
		21527E1F2C656978006B5982 /* ClipArtApp.swift in Sources */ = {isa = PBXBuildFile; fileRef = 21527E1E2C656978006B5982 /* ClipArtApp.swift */; };
		21527E212C656978006B5982 /* ContentView.swift in Sources */ = {isa = PBXBuildFile; fileRef = 21527E202C656978006B5982 /* ContentView.swift */; };
		21527E232C656979006B5982 /* Assets.xcassets in Resources */ = {isa = PBXBuildFile; fileRef = 21527E222C656979006B5982 /* Assets.xcassets */; };
		21527E262C656979006B5982 /* Preview Assets.xcassets in Resources */ = {isa = PBXBuildFile; fileRef = 21527E252C656979006B5982 /* Preview Assets.xcassets */; };
		21527E312C656979006B5982 /* ClipArtTests.swift in Sources */ = {isa = PBXBuildFile; fileRef = 21527E302C656979006B5982 /* ClipArtTests.swift */; };
		21527E3B2C656979006B5982 /* ClipArtUITests.swift in Sources */ = {isa = PBXBuildFile; fileRef = 21527E3A2C656979006B5982 /* ClipArtUITests.swift */; };
		21527E3D2C656979006B5982 /* ClipArtUITestsLaunchTests.swift in Sources */ = {isa = PBXBuildFile; fileRef = 21527E3C2C656979006B5982 /* ClipArtUITestsLaunchTests.swift */; };
		21E0834D2C65E5DD0092F9D5 /* ClipboardManager.swift in Sources */ = {isa = PBXBuildFile; fileRef = 21E0834C2C65E5DD0092F9D5 /* ClipboardManager.swift */; };
		21E88DDE2C6779A000017530 /* SettingsView.swift in Sources */ = {isa = PBXBuildFile; fileRef = 21E88DDD2C6779A000017530 /* SettingsView.swift */; };
		21E88DE02C6779C400017530 /* ClipListView.swift in Sources */ = {isa = PBXBuildFile; fileRef = 21E88DDF2C6779C400017530 /* ClipListView.swift */; };
		21E88DE22C677B4200017530 /* PreviewWindowController.swift in Sources */ = {isa = PBXBuildFile; fileRef = 21E88DE12C677B4200017530 /* PreviewWindowController.swift */; };
/* End PBXBuildFile section */

/* Begin PBXContainerItemProxy section */
		21527E2D2C656979006B5982 /* PBXContainerItemProxy */ = {
			isa = PBXContainerItemProxy;
			containerPortal = 21527E132C656978006B5982 /* Project object */;
			proxyType = 1;
			remoteGlobalIDString = 21527E1A2C656978006B5982;
			remoteInfo = ClipArt;
		};
		21527E372C656979006B5982 /* PBXContainerItemProxy */ = {
			isa = PBXContainerItemProxy;
			containerPortal = 21527E132C656978006B5982 /* Project object */;
			proxyType = 1;
			remoteGlobalIDString = 21527E1A2C656978006B5982;
			remoteInfo = ClipArt;
		};
/* End PBXContainerItemProxy section */

/* Begin PBXFileReference section */
		21527E1B2C656978006B5982 /* ClipArt.app */ = {isa = PBXFileReference; explicitFileType = wrapper.application; includeInIndex = 0; path = ClipArt.app; sourceTree = BUILT_PRODUCTS_DIR; };
		21527E1E2C656978006B5982 /* ClipArtApp.swift */ = {isa = PBXFileReference; lastKnownFileType = sourcecode.swift; path = ClipArtApp.swift; sourceTree = "<group>"; };
		21527E202C656978006B5982 /* ContentView.swift */ = {isa = PBXFileReference; lastKnownFileType = sourcecode.swift; path = ContentView.swift; sourceTree = "<group>"; };
		21527E222C656979006B5982 /* Assets.xcassets */ = {isa = PBXFileReference; lastKnownFileType = folder.assetcatalog; path = Assets.xcassets; sourceTree = "<group>"; };
		21527E252C656979006B5982 /* Preview Assets.xcassets */ = {isa = PBXFileReference; lastKnownFileType = folder.assetcatalog; path = "Preview Assets.xcassets"; sourceTree = "<group>"; };
		21527E272C656979006B5982 /* ClipArt.entitlements */ = {isa = PBXFileReference; lastKnownFileType = text.plist.entitlements; path = ClipArt.entitlements; sourceTree = "<group>"; };
		21527E2C2C656979006B5982 /* ClipArtTests.xctest */ = {isa = PBXFileReference; explicitFileType = wrapper.cfbundle; includeInIndex = 0; path = ClipArtTests.xctest; sourceTree = BUILT_PRODUCTS_DIR; };
		21527E302C656979006B5982 /* ClipArtTests.swift */ = {isa = PBXFileReference; lastKnownFileType = sourcecode.swift; path = ClipArtTests.swift; sourceTree = "<group>"; };
		21527E362C656979006B5982 /* ClipArtUITests.xctest */ = {isa = PBXFileReference; explicitFileType = wrapper.cfbundle; includeInIndex = 0; path = ClipArtUITests.xctest; sourceTree = BUILT_PRODUCTS_DIR; };
		21527E3A2C656979006B5982 /* ClipArtUITests.swift */ = {isa = PBXFileReference; lastKnownFileType = sourcecode.swift; path = ClipArtUITests.swift; sourceTree = "<group>"; };
		21527E3C2C656979006B5982 /* ClipArtUITestsLaunchTests.swift */ = {isa = PBXFileReference; lastKnownFileType = sourcecode.swift; path = ClipArtUITestsLaunchTests.swift; sourceTree = "<group>"; };
		21E0834C2C65E5DD0092F9D5 /* ClipboardManager.swift */ = {isa = PBXFileReference; lastKnownFileType = sourcecode.swift; path = ClipboardManager.swift; sourceTree = "<group>"; };
		21E88DDD2C6779A000017530 /* SettingsView.swift */ = {isa = PBXFileReference; lastKnownFileType = sourcecode.swift; path = SettingsView.swift; sourceTree = "<group>"; };
		21E88DDF2C6779C400017530 /* ClipListView.swift */ = {isa = PBXFileReference; lastKnownFileType = sourcecode.swift; path = ClipListView.swift; sourceTree = "<group>"; };
		21E88DE12C677B4200017530 /* PreviewWindowController.swift */ = {isa = PBXFileReference; lastKnownFileType = sourcecode.swift; path = PreviewWindowController.swift; sourceTree = "<group>"; };
/* End PBXFileReference section */

/* Begin PBXFrameworksBuildPhase section */
		21527E182C656978006B5982 /* Frameworks */ = {
			isa = PBXFrameworksBuildPhase;
			buildActionMask = 2147483647;
			files = (
			);
			runOnlyForDeploymentPostprocessing = 0;
		};
		21527E292C656979006B5982 /* Frameworks */ = {
			isa = PBXFrameworksBuildPhase;
			buildActionMask = 2147483647;
			files = (
			);
			runOnlyForDeploymentPostprocessing = 0;
		};
		21527E332C656979006B5982 /* Frameworks */ = {
			isa = PBXFrameworksBuildPhase;
			buildActionMask = 2147483647;
			files = (
			);
			runOnlyForDeploymentPostprocessing = 0;
		};
/* End PBXFrameworksBuildPhase section */

/* Begin PBXGroup section */
		21527E122C656978006B5982 = {
			isa = PBXGroup;
			children = (
				21527E1D2C656978006B5982 /* ClipArt */,
				21527E2F2C656979006B5982 /* ClipArtTests */,
				21527E392C656979006B5982 /* ClipArtUITests */,
				21527E1C2C656978006B5982 /* Products */,
			);
			sourceTree = "<group>";
		};
		21527E1C2C656978006B5982 /* Products */ = {
			isa = PBXGroup;
			children = (
				21527E1B2C656978006B5982 /* ClipArt.app */,
				21527E2C2C656979006B5982 /* ClipArtTests.xctest */,
				21527E362C656979006B5982 /* ClipArtUITests.xctest */,
			);
			name = Products;
			sourceTree = "<group>";
		};
		21527E1D2C656978006B5982 /* ClipArt */ = {
			isa = PBXGroup;
			children = (
				21E0834C2C65E5DD0092F9D5 /* ClipboardManager.swift */,
				21527E1E2C656978006B5982 /* ClipArtApp.swift */,
				21527E202C656978006B5982 /* ContentView.swift */,
				21527E222C656979006B5982 /* Assets.xcassets */,
				21527E272C656979006B5982 /* ClipArt.entitlements */,
				21527E242C656979006B5982 /* Preview Content */,
				21E88DDD2C6779A000017530 /* SettingsView.swift */,
				21E88DDF2C6779C400017530 /* ClipListView.swift */,
				21E88DE12C677B4200017530 /* PreviewWindowController.swift */,
			);
			path = ClipArt;
			sourceTree = "<group>";
		};
		21527E242C656979006B5982 /* Preview Content */ = {
			isa = PBXGroup;
			children = (
				21527E252C656979006B5982 /* Preview Assets.xcassets */,
			);
			path = "Preview Content";
			sourceTree = "<group>";
		};
		21527E2F2C656979006B5982 /* ClipArtTests */ = {
			isa = PBXGroup;
			children = (
				21527E302C656979006B5982 /* ClipArtTests.swift */,
			);
			path = ClipArtTests;
			sourceTree = "<group>";
		};
		21527E392C656979006B5982 /* ClipArtUITests */ = {
			isa = PBXGroup;
			children = (
				21527E3A2C656979006B5982 /* ClipArtUITests.swift */,
				21527E3C2C656979006B5982 /* ClipArtUITestsLaunchTests.swift */,
			);
			path = ClipArtUITests;
			sourceTree = "<group>";
		};
/* End PBXGroup section */

/* Begin PBXNativeTarget section */
		21527E1A2C656978006B5982 /* ClipArt */ = {
			isa = PBXNativeTarget;
			buildConfigurationList = 21527E402C656979006B5982 /* Build configuration list for PBXNativeTarget "ClipArt" */;
			buildPhases = (
				21527E172C656978006B5982 /* Sources */,
				21527E182C656978006B5982 /* Frameworks */,
				21527E192C656978006B5982 /* Resources */,
			);
			buildRules = (
			);
			dependencies = (
			);
			name = ClipArt;
			productName = ClipArt;
			productReference = 21527E1B2C656978006B5982 /* ClipArt.app */;
			productType = "com.apple.product-type.application";
		};
		21527E2B2C656979006B5982 /* ClipArtTests */ = {
			isa = PBXNativeTarget;
			buildConfigurationList = 21527E432C656979006B5982 /* Build configuration list for PBXNativeTarget "ClipArtTests" */;
			buildPhases = (
				21527E282C656979006B5982 /* Sources */,
				21527E292C656979006B5982 /* Frameworks */,
				21527E2A2C656979006B5982 /* Resources */,
			);
			buildRules = (
			);
			dependencies = (
				21527E2E2C656979006B5982 /* PBXTargetDependency */,
			);
			name = ClipArtTests;
			productName = ClipArtTests;
			productReference = 21527E2C2C656979006B5982 /* ClipArtTests.xctest */;
			productType = "com.apple.product-type.bundle.unit-test";
		};
		21527E352C656979006B5982 /* ClipArtUITests */ = {
			isa = PBXNativeTarget;
			buildConfigurationList = 21527E462C656979006B5982 /* Build configuration list for PBXNativeTarget "ClipArtUITests" */;
			buildPhases = (
				21527E322C656979006B5982 /* Sources */,
				21527E332C656979006B5982 /* Frameworks */,
				21527E342C656979006B5982 /* Resources */,
			);
			buildRules = (
			);
			dependencies = (
				21527E382C656979006B5982 /* PBXTargetDependency */,
			);
			name = ClipArtUITests;
			productName = ClipArtUITests;
			productReference = 21527E362C656979006B5982 /* ClipArtUITests.xctest */;
			productType = "com.apple.product-type.bundle.ui-testing";
		};
/* End PBXNativeTarget section */

/* Begin PBXProject section */
		21527E132C656978006B5982 /* Project object */ = {
			isa = PBXProject;
			attributes = {
				BuildIndependentTargetsInParallel = 1;
				LastSwiftUpdateCheck = 1540;
				LastUpgradeCheck = 1540;
				TargetAttributes = {
					21527E1A2C656978006B5982 = {
						CreatedOnToolsVersion = 15.4;
					};
					21527E2B2C656979006B5982 = {
						CreatedOnToolsVersion = 15.4;
						TestTargetID = 21527E1A2C656978006B5982;
					};
					21527E352C656979006B5982 = {
						CreatedOnToolsVersion = 15.4;
						TestTargetID = 21527E1A2C656978006B5982;
					};
				};
			};
			buildConfigurationList = 21527E162C656978006B5982 /* Build configuration list for PBXProject "ClipArt" */;
			compatibilityVersion = "Xcode 14.0";
			developmentRegion = en;
			hasScannedForEncodings = 0;
			knownRegions = (
				en,
				Base,
			);
			mainGroup = 21527E122C656978006B5982;
			productRefGroup = 21527E1C2C656978006B5982 /* Products */;
			projectDirPath = "";
			projectRoot = "";
			targets = (
				21527E1A2C656978006B5982 /* ClipArt */,
				21527E2B2C656979006B5982 /* ClipArtTests */,
				21527E352C656979006B5982 /* ClipArtUITests */,
			);
		};
/* End PBXProject section */

/* Begin PBXResourcesBuildPhase section */
		21527E192C656978006B5982 /* Resources */ = {
			isa = PBXResourcesBuildPhase;
			buildActionMask = 2147483647;
			files = (
				21527E262C656979006B5982 /* Preview Assets.xcassets in Resources */,
				21527E232C656979006B5982 /* Assets.xcassets in Resources */,
			);
			runOnlyForDeploymentPostprocessing = 0;
		};
		21527E2A2C656979006B5982 /* Resources */ = {
			isa = PBXResourcesBuildPhase;
			buildActionMask = 2147483647;
			files = (
			);
			runOnlyForDeploymentPostprocessing = 0;
		};
		21527E342C656979006B5982 /* Resources */ = {
			isa = PBXResourcesBuildPhase;
			buildActionMask = 2147483647;
			files = (
			);
			runOnlyForDeploymentPostprocessing = 0;
		};
/* End PBXResourcesBuildPhase section */

/* Begin PBXSourcesBuildPhase section */
		21527E172C656978006B5982 /* Sources */ = {
			isa = PBXSourcesBuildPhase;
			buildActionMask = 2147483647;
			files = (
				21527E212C656978006B5982 /* ContentView.swift in Sources */,
				21E88DDE2C6779A000017530 /* SettingsView.swift in Sources */,
				21E88DE22C677B4200017530 /* PreviewWindowController.swift in Sources */,
				21E0834D2C65E5DD0092F9D5 /* ClipboardManager.swift in Sources */,
				21527E1F2C656978006B5982 /* ClipArtApp.swift in Sources */,
				21E88DE02C6779C400017530 /* ClipListView.swift in Sources */,
			);
			runOnlyForDeploymentPostprocessing = 0;
		};
		21527E282C656979006B5982 /* Sources */ = {
			isa = PBXSourcesBuildPhase;
			buildActionMask = 2147483647;
			files = (
				21527E312C656979006B5982 /* ClipArtTests.swift in Sources */,
			);
			runOnlyForDeploymentPostprocessing = 0;
		};
		21527E322C656979006B5982 /* Sources */ = {
			isa = PBXSourcesBuildPhase;
			buildActionMask = 2147483647;
			files = (
				21527E3D2C656979006B5982 /* ClipArtUITestsLaunchTests.swift in Sources */,
				21527E3B2C656979006B5982 /* ClipArtUITests.swift in Sources */,
			);
			runOnlyForDeploymentPostprocessing = 0;
		};
/* End PBXSourcesBuildPhase section */

/* Begin PBXTargetDependency section */
		21527E2E2C656979006B5982 /* PBXTargetDependency */ = {
			isa = PBXTargetDependency;
			target = 21527E1A2C656978006B5982 /* ClipArt */;
			targetProxy = 21527E2D2C656979006B5982 /* PBXContainerItemProxy */;
		};
		21527E382C656979006B5982 /* PBXTargetDependency */ = {
			isa = PBXTargetDependency;
			target = 21527E1A2C656978006B5982 /* ClipArt */;
			targetProxy = 21527E372C656979006B5982 /* PBXContainerItemProxy */;
		};
/* End PBXTargetDependency section */

/* Begin XCBuildConfiguration section */
		21527E3E2C656979006B5982 /* Debug */ = {
			isa = XCBuildConfiguration;
			buildSettings = {
				ALWAYS_SEARCH_USER_PATHS = NO;
				ASSETCATALOG_COMPILER_GENERATE_SWIFT_ASSET_SYMBOL_EXTENSIONS = YES;
				CLANG_ANALYZER_NONNULL = YES;
				CLANG_ANALYZER_NUMBER_OBJECT_CONVERSION = YES_AGGRESSIVE;
				CLANG_CXX_LANGUAGE_STANDARD = "gnu++20";
				CLANG_ENABLE_MODULES = YES;
				CLANG_ENABLE_OBJC_ARC = YES;
				CLANG_ENABLE_OBJC_WEAK = YES;
				CLANG_WARN_BLOCK_CAPTURE_AUTORELEASING = YES;
				CLANG_WARN_BOOL_CONVERSION = YES;
				CLANG_WARN_COMMA = YES;
				CLANG_WARN_CONSTANT_CONVERSION = YES;
				CLANG_WARN_DEPRECATED_OBJC_IMPLEMENTATIONS = YES;
				CLANG_WARN_DIRECT_OBJC_ISA_USAGE = YES_ERROR;
				CLANG_WARN_DOCUMENTATION_COMMENTS = YES;
				CLANG_WARN_EMPTY_BODY = YES;
				CLANG_WARN_ENUM_CONVERSION = YES;
				CLANG_WARN_INFINITE_RECURSION = YES;
				CLANG_WARN_INT_CONVERSION = YES;
				CLANG_WARN_NON_LITERAL_NULL_CONVERSION = YES;
				CLANG_WARN_OBJC_IMPLICIT_RETAIN_SELF = YES;
				CLANG_WARN_OBJC_LITERAL_CONVERSION = YES;
				CLANG_WARN_OBJC_ROOT_CLASS = YES_ERROR;
				CLANG_WARN_QUOTED_INCLUDE_IN_FRAMEWORK_HEADER = YES;
				CLANG_WARN_RANGE_LOOP_ANALYSIS = YES;
				CLANG_WARN_STRICT_PROTOTYPES = YES;
				CLANG_WARN_SUSPICIOUS_MOVE = YES;
				CLANG_WARN_UNGUARDED_AVAILABILITY = YES_AGGRESSIVE;
				CLANG_WARN_UNREACHABLE_CODE = YES;
				CLANG_WARN__DUPLICATE_METHOD_MATCH = YES;
				COPY_PHASE_STRIP = NO;
				DEBUG_INFORMATION_FORMAT = dwarf;
				ENABLE_STRICT_OBJC_MSGSEND = YES;
				ENABLE_TESTABILITY = YES;
				ENABLE_USER_SCRIPT_SANDBOXING = YES;
				GCC_C_LANGUAGE_STANDARD = gnu17;
				GCC_DYNAMIC_NO_PIC = NO;
				GCC_NO_COMMON_BLOCKS = YES;
				GCC_OPTIMIZATION_LEVEL = 0;
				GCC_PREPROCESSOR_DEFINITIONS = (
					"DEBUG=1",
					"$(inherited)",
				);
				GCC_WARN_64_TO_32_BIT_CONVERSION = YES;
				GCC_WARN_ABOUT_RETURN_TYPE = YES_ERROR;
				GCC_WARN_UNDECLARED_SELECTOR = YES;
				GCC_WARN_UNINITIALIZED_AUTOS = YES_AGGRESSIVE;
				GCC_WARN_UNUSED_FUNCTION = YES;
				GCC_WARN_UNUSED_VARIABLE = YES;
				LOCALIZATION_PREFERS_STRING_CATALOGS = YES;
				MACOSX_DEPLOYMENT_TARGET = 14.5;
				MTL_ENABLE_DEBUG_INFO = INCLUDE_SOURCE;
				MTL_FAST_MATH = YES;
				ONLY_ACTIVE_ARCH = YES;
				SDKROOT = macosx;
				SWIFT_ACTIVE_COMPILATION_CONDITIONS = "DEBUG $(inherited)";
				SWIFT_OPTIMIZATION_LEVEL = "-Onone";
			};
			name = Debug;
		};
		21527E3F2C656979006B5982 /* Release */ = {
			isa = XCBuildConfiguration;
			buildSettings = {
				ALWAYS_SEARCH_USER_PATHS = NO;
				ASSETCATALOG_COMPILER_GENERATE_SWIFT_ASSET_SYMBOL_EXTENSIONS = YES;
				CLANG_ANALYZER_NONNULL = YES;
				CLANG_ANALYZER_NUMBER_OBJECT_CONVERSION = YES_AGGRESSIVE;
				CLANG_CXX_LANGUAGE_STANDARD = "gnu++20";
				CLANG_ENABLE_MODULES = YES;
				CLANG_ENABLE_OBJC_ARC = YES;
				CLANG_ENABLE_OBJC_WEAK = YES;
				CLANG_WARN_BLOCK_CAPTURE_AUTORELEASING = YES;
				CLANG_WARN_BOOL_CONVERSION = YES;
				CLANG_WARN_COMMA = YES;
				CLANG_WARN_CONSTANT_CONVERSION = YES;
				CLANG_WARN_DEPRECATED_OBJC_IMPLEMENTATIONS = YES;
				CLANG_WARN_DIRECT_OBJC_ISA_USAGE = YES_ERROR;
				CLANG_WARN_DOCUMENTATION_COMMENTS = YES;
				CLANG_WARN_EMPTY_BODY = YES;
				CLANG_WARN_ENUM_CONVERSION = YES;
				CLANG_WARN_INFINITE_RECURSION = YES;
				CLANG_WARN_INT_CONVERSION = YES;
				CLANG_WARN_NON_LITERAL_NULL_CONVERSION = YES;
				CLANG_WARN_OBJC_IMPLICIT_RETAIN_SELF = YES;
				CLANG_WARN_OBJC_LITERAL_CONVERSION = YES;
				CLANG_WARN_OBJC_ROOT_CLASS = YES_ERROR;
				CLANG_WARN_QUOTED_INCLUDE_IN_FRAMEWORK_HEADER = YES;
				CLANG_WARN_RANGE_LOOP_ANALYSIS = YES;
				CLANG_WARN_STRICT_PROTOTYPES = YES;
				CLANG_WARN_SUSPICIOUS_MOVE = YES;
				CLANG_WARN_UNGUARDED_AVAILABILITY = YES_AGGRESSIVE;
				CLANG_WARN_UNREACHABLE_CODE = YES;
				CLANG_WARN__DUPLICATE_METHOD_MATCH = YES;
				COPY_PHASE_STRIP = NO;
				DEBUG_INFORMATION_FORMAT = "dwarf-with-dsym";
				ENABLE_NS_ASSERTIONS = NO;
				ENABLE_STRICT_OBJC_MSGSEND = YES;
				ENABLE_USER_SCRIPT_SANDBOXING = YES;
				GCC_C_LANGUAGE_STANDARD = gnu17;
				GCC_NO_COMMON_BLOCKS = YES;
				GCC_WARN_64_TO_32_BIT_CONVERSION = YES;
				GCC_WARN_ABOUT_RETURN_TYPE = YES_ERROR;
				GCC_WARN_UNDECLARED_SELECTOR = YES;
				GCC_WARN_UNINITIALIZED_AUTOS = YES_AGGRESSIVE;
				GCC_WARN_UNUSED_FUNCTION = YES;
				GCC_WARN_UNUSED_VARIABLE = YES;
				LOCALIZATION_PREFERS_STRING_CATALOGS = YES;
				MACOSX_DEPLOYMENT_TARGET = 14.5;
				MTL_ENABLE_DEBUG_INFO = NO;
				MTL_FAST_MATH = YES;
				SDKROOT = macosx;
				SWIFT_COMPILATION_MODE = wholemodule;
			};
			name = Release;
		};
		21527E412C656979006B5982 /* Debug */ = {
			isa = XCBuildConfiguration;
			buildSettings = {
				ASSETCATALOG_COMPILER_APPICON_NAME = AppIcon;
				ASSETCATALOG_COMPILER_GLOBAL_ACCENT_COLOR_NAME = AccentColor;
				CODE_SIGN_ENTITLEMENTS = ClipArt/ClipArt.entitlements;
				CODE_SIGN_STYLE = Automatic;
				COMBINE_HIDPI_IMAGES = YES;
				CURRENT_PROJECT_VERSION = 1;
				DEVELOPMENT_ASSET_PATHS = "\"ClipArt/Preview Content\"";
				DEVELOPMENT_TEAM = 2KZFJAHQ2W;
				ENABLE_HARDENED_RUNTIME = YES;
				ENABLE_PREVIEWS = YES;
				GENERATE_INFOPLIST_FILE = YES;
				INFOPLIST_KEY_LSUIElement = YES;
				INFOPLIST_KEY_NSHumanReadableCopyright = "";
				LD_RUNPATH_SEARCH_PATHS = (
					"$(inherited)",
					"@executable_path/../Frameworks",
				);
				MARKETING_VERSION = 1.0;
				PRODUCT_BUNDLE_IDENTIFIER = tuzin.art.ClipArt;
				PRODUCT_NAME = "$(TARGET_NAME)";
				SWIFT_EMIT_LOC_STRINGS = YES;
				SWIFT_VERSION = 5.0;
			};
			name = Debug;
		};
		21527E422C656979006B5982 /* Release */ = {
			isa = XCBuildConfiguration;
			buildSettings = {
				ASSETCATALOG_COMPILER_APPICON_NAME = AppIcon;
				ASSETCATALOG_COMPILER_GLOBAL_ACCENT_COLOR_NAME = AccentColor;
				CODE_SIGN_ENTITLEMENTS = ClipArt/ClipArt.entitlements;
				CODE_SIGN_STYLE = Automatic;
				COMBINE_HIDPI_IMAGES = YES;
				CURRENT_PROJECT_VERSION = 1;
				DEVELOPMENT_ASSET_PATHS = "\"ClipArt/Preview Content\"";
				DEVELOPMENT_TEAM = 2KZFJAHQ2W;
				ENABLE_HARDENED_RUNTIME = YES;
				ENABLE_PREVIEWS = YES;
				GENERATE_INFOPLIST_FILE = YES;
				INFOPLIST_KEY_LSUIElement = YES;
				INFOPLIST_KEY_NSHumanReadableCopyright = "";
				LD_RUNPATH_SEARCH_PATHS = (
					"$(inherited)",
					"@executable_path/../Frameworks",
				);
				MARKETING_VERSION = 1.0;
				PRODUCT_BUNDLE_IDENTIFIER = tuzin.art.ClipArt;
				PRODUCT_NAME = "$(TARGET_NAME)";
				SWIFT_EMIT_LOC_STRINGS = YES;
				SWIFT_VERSION = 5.0;
			};
			name = Release;
		};
		21527E442C656979006B5982 /* Debug */ = {
			isa = XCBuildConfiguration;
			buildSettings = {
				ALWAYS_EMBED_SWIFT_STANDARD_LIBRARIES = YES;
				BUNDLE_LOADER = "$(TEST_HOST)";
				CODE_SIGN_STYLE = Automatic;
				CURRENT_PROJECT_VERSION = 1;
				DEVELOPMENT_TEAM = 2KZFJAHQ2W;
				GENERATE_INFOPLIST_FILE = YES;
				MACOSX_DEPLOYMENT_TARGET = 14.5;
				MARKETING_VERSION = 1.0;
				PRODUCT_BUNDLE_IDENTIFIER = tuzin.art.ClipArtTests;
				PRODUCT_NAME = "$(TARGET_NAME)";
				SWIFT_EMIT_LOC_STRINGS = NO;
				SWIFT_VERSION = 5.0;
				TEST_HOST = "$(BUILT_PRODUCTS_DIR)/ClipArt.app/$(BUNDLE_EXECUTABLE_FOLDER_PATH)/ClipArt";
			};
			name = Debug;
		};
		21527E452C656979006B5982 /* Release */ = {
			isa = XCBuildConfiguration;
			buildSettings = {
				ALWAYS_EMBED_SWIFT_STANDARD_LIBRARIES = YES;
				BUNDLE_LOADER = "$(TEST_HOST)";
				CODE_SIGN_STYLE = Automatic;
				CURRENT_PROJECT_VERSION = 1;
				DEVELOPMENT_TEAM = 2KZFJAHQ2W;
				GENERATE_INFOPLIST_FILE = YES;
				MACOSX_DEPLOYMENT_TARGET = 14.5;
				MARKETING_VERSION = 1.0;
				PRODUCT_BUNDLE_IDENTIFIER = tuzin.art.ClipArtTests;
				PRODUCT_NAME = "$(TARGET_NAME)";
				SWIFT_EMIT_LOC_STRINGS = NO;
				SWIFT_VERSION = 5.0;
				TEST_HOST = "$(BUILT_PRODUCTS_DIR)/ClipArt.app/$(BUNDLE_EXECUTABLE_FOLDER_PATH)/ClipArt";
			};
			name = Release;
		};
		21527E472C656979006B5982 /* Debug */ = {
			isa = XCBuildConfiguration;
			buildSettings = {
				ALWAYS_EMBED_SWIFT_STANDARD_LIBRARIES = YES;
				CODE_SIGN_STYLE = Automatic;
				CURRENT_PROJECT_VERSION = 1;
				DEVELOPMENT_TEAM = 2KZFJAHQ2W;
				GENERATE_INFOPLIST_FILE = YES;
				MARKETING_VERSION = 1.0;
				PRODUCT_BUNDLE_IDENTIFIER = tuzin.art.ClipArtUITests;
				PRODUCT_NAME = "$(TARGET_NAME)";
				SWIFT_EMIT_LOC_STRINGS = NO;
				SWIFT_VERSION = 5.0;
				TEST_TARGET_NAME = ClipArt;
			};
			name = Debug;
		};
		21527E482C656979006B5982 /* Release */ = {
			isa = XCBuildConfiguration;
			buildSettings = {
				ALWAYS_EMBED_SWIFT_STANDARD_LIBRARIES = YES;
				CODE_SIGN_STYLE = Automatic;
				CURRENT_PROJECT_VERSION = 1;
				DEVELOPMENT_TEAM = 2KZFJAHQ2W;
				GENERATE_INFOPLIST_FILE = YES;
				MARKETING_VERSION = 1.0;
				PRODUCT_BUNDLE_IDENTIFIER = tuzin.art.ClipArtUITests;
				PRODUCT_NAME = "$(TARGET_NAME)";
				SWIFT_EMIT_LOC_STRINGS = NO;
				SWIFT_VERSION = 5.0;
				TEST_TARGET_NAME = ClipArt;
			};
			name = Release;
		};
/* End XCBuildConfiguration section */

/* Begin XCConfigurationList section */
		21527E162C656978006B5982 /* Build configuration list for PBXProject "ClipArt" */ = {
			isa = XCConfigurationList;
			buildConfigurations = (
				21527E3E2C656979006B5982 /* Debug */,
				21527E3F2C656979006B5982 /* Release */,
			);
			defaultConfigurationIsVisible = 0;
			defaultConfigurationName = Release;
		};
		21527E402C656979006B5982 /* Build configuration list for PBXNativeTarget "ClipArt" */ = {
			isa = XCConfigurationList;
			buildConfigurations = (
				21527E412C656979006B5982 /* Debug */,
				21527E422C656979006B5982 /* Release */,
			);
			defaultConfigurationIsVisible = 0;
			defaultConfigurationName = Release;
		};
		21527E432C656979006B5982 /* Build configuration list for PBXNativeTarget "ClipArtTests" */ = {
			isa = XCConfigurationList;
			buildConfigurations = (
				21527E442C656979006B5982 /* Debug */,
				21527E452C656979006B5982 /* Release */,
			);
			defaultConfigurationIsVisible = 0;
			defaultConfigurationName = Release;
		};
		21527E462C656979006B5982 /* Build configuration list for PBXNativeTarget "ClipArtUITests" */ = {
			isa = XCConfigurationList;
			buildConfigurations = (
				21527E472C656979006B5982 /* Debug */,
				21527E482C656979006B5982 /* Release */,
			);
			defaultConfigurationIsVisible = 0;
			defaultConfigurationName = Release;
		};
/* End XCConfigurationList section */
	};
	rootObject = 21527E132C656978006B5982 /* Project object */;
}
