// !$*UTF8*$!
{
	archiveVersion = 1;
	classes = {
	};
	objectVersion = 56;
	objects = {

/* Begin PBXBuildFile section */
		21527E1F2C656978006B5982 /* ClipArtApp.swift in Sources */ = {isa = PBXBuildFile; fileRef = 21527E1E2C656978006B5982 /* ClipArtApp.swift */; };
		21527E232C656979006B5982 /* Assets.xcassets in Resources */ = {isa = PBXBuildFile; fileRef = 21527E222C656979006B5982 /* Assets.xcassets */; };
		21527E262C656979006B5982 /* Preview Assets.xcassets in Resources */ = {isa = PBXBuildFile; fileRef = 21527E252C656979006B5982 /* Preview Assets.xcassets */; };
		3B55CF4F2CEEA72000A33B49 /* KeyCode.swift in Sources */ = {isa = PBXBuildFile; fileRef = 3B55CF4E2CEEA72000A33B49 /* KeyCode.swift */; };
		3B55CF502CEEA72000A33B49 /* KeyCode.swift in Sources */ = {isa = PBXBuildFile; fileRef = 3B55CF4E2CEEA72000A33B49 /* KeyCode.swift */; };
		3B55CF522CEEAC7200A33B49 /* ClipsViewPlacement.swift in Sources */ = {isa = PBXBuildFile; fileRef = 3B55CF512CEEAC7200A33B49 /* ClipsViewPlacement.swift */; };
		3B55CF532CEEAC7200A33B49 /* ClipsViewPlacement.swift in Sources */ = {isa = PBXBuildFile; fileRef = 3B55CF512CEEAC7200A33B49 /* ClipsViewPlacement.swift */; };
		3B8AC9812CE3E5CC0023CF71 /* Panel.swift in Sources */ = {isa = PBXBuildFile; fileRef = 3B8AC9802CE3E5CC0023CF71 /* Panel.swift */; };
		3B92AAA52CCE6CC3007C8CD4 /* Clip.swift in Sources */ = {isa = PBXBuildFile; fileRef = 3B92AAA42CCE6CC0007C8CD4 /* Clip.swift */; };
		3B92AAA72CCE6CE8007C8CD4 /* Clip+Equatable.swift in Sources */ = {isa = PBXBuildFile; fileRef = 3B92AAA62CCE6CE2007C8CD4 /* Clip+Equatable.swift */; };
		3B92AAA92CCE6D0D007C8CD4 /* Clip+Hashable.swift in Sources */ = {isa = PBXBuildFile; fileRef = 3B92AAA82CCE6D08007C8CD4 /* Clip+Hashable.swift */; };
		3BC169FD2CED1470000897C0 /* ClipsStorage.swift in Sources */ = {isa = PBXBuildFile; fileRef = 3BC169FC2CED1468000897C0 /* ClipsStorage.swift */; };
		3BC16A062CED1ED9000897C0 /* ClipsViewModel.swift in Sources */ = {isa = PBXBuildFile; fileRef = 3BC16A042CED1ED9000897C0 /* ClipsViewModel.swift */; };
		3BC9DB0C2CEBF44D001A20CA /* VisualEffectView.swift in Sources */ = {isa = PBXBuildFile; fileRef = 3BC9DB0B2CEBF44D001A20CA /* VisualEffectView.swift */; };
		3BCAE7212CED71C800E55165 /* AppStateManager.swift in Sources */ = {isa = PBXBuildFile; fileRef = 3BEB4B6E2CDAD21E0048BB96 /* AppStateManager.swift */; };
		3BCAE7222CED71C800E55165 /* Clip.swift in Sources */ = {isa = PBXBuildFile; fileRef = 3B92AAA42CCE6CC0007C8CD4 /* Clip.swift */; };
		3BCAE7232CED71C800E55165 /* ClipboardManager.swift in Sources */ = {isa = PBXBuildFile; fileRef = 3BEFF8022CCE9E630073121F /* ClipboardManager.swift */; };
		3BCAE7242CED71C800E55165 /* ClipsView.swift in Sources */ = {isa = PBXBuildFile; fileRef = 3BED19DA2CCEC97900237C35 /* ClipsView.swift */; };
		3BCAE7252CED71C800E55165 /* ClipsViewModel.swift in Sources */ = {isa = PBXBuildFile; fileRef = 3BC16A042CED1ED9000897C0 /* ClipsViewModel.swift */; };
		3BCAE7262CED71C800E55165 /* Constants.swift in Sources */ = {isa = PBXBuildFile; fileRef = 3BE9E29C2CE35B2100696A14 /* Constants.swift */; };
		3BCAE7272CED71C800E55165 /* Clip+Hashable.swift in Sources */ = {isa = PBXBuildFile; fileRef = 3B92AAA82CCE6D08007C8CD4 /* Clip+Hashable.swift */; };
		3BCAE7282CED71C800E55165 /* Clip+Equatable.swift in Sources */ = {isa = PBXBuildFile; fileRef = 3B92AAA62CCE6CE2007C8CD4 /* Clip+Equatable.swift */; };
		3BCAE7292CED71C800E55165 /* ClipArtApp.swift in Sources */ = {isa = PBXBuildFile; fileRef = 21527E1E2C656978006B5982 /* ClipArtApp.swift */; };
		3BCAE72A2CED71C800E55165 /* VisualEffectView.swift in Sources */ = {isa = PBXBuildFile; fileRef = 3BC9DB0B2CEBF44D001A20CA /* VisualEffectView.swift */; };
		3BCAE72B2CED71C800E55165 /* ClipView.swift in Sources */ = {isa = PBXBuildFile; fileRef = 3BD3EDCD2CCE9949003729B0 /* ClipView.swift */; };
		3BCAE72C2CED71C800E55165 /* Panel.swift in Sources */ = {isa = PBXBuildFile; fileRef = 3B8AC9802CE3E5CC0023CF71 /* Panel.swift */; };
		3BCAE72E2CED71C800E55165 /* SettingsView.swift in Sources */ = {isa = PBXBuildFile; fileRef = 3BEFF8082CCE9FB70073121F /* SettingsView.swift */; };
		3BCAE72F2CED71C800E55165 /* ClipsStorage.swift in Sources */ = {isa = PBXBuildFile; fileRef = 3BC169FC2CED1468000897C0 /* ClipsStorage.swift */; };
		3BCAE7312CED71C800E55165 /* (null) in Frameworks */ = {isa = PBXBuildFile; };
		3BCAE7332CED71C800E55165 /* Preview Assets.xcassets in Resources */ = {isa = PBXBuildFile; fileRef = 21527E252C656979006B5982 /* Preview Assets.xcassets */; };
		3BCAE7342CED71C800E55165 /* Assets.xcassets in Resources */ = {isa = PBXBuildFile; fileRef = 21527E222C656979006B5982 /* Assets.xcassets */; };
		3BCAE73B2CED724800E55165 /* HotKey in Frameworks */ = {isa = PBXBuildFile; productRef = 3BCAE73A2CED724800E55165 /* HotKey */; };
		3BD3EDCE2CCE9949003729B0 /* ClipView.swift in Sources */ = {isa = PBXBuildFile; fileRef = 3BD3EDCD2CCE9949003729B0 /* ClipView.swift */; };
		3BE9E29D2CE35B2600696A14 /* Constants.swift in Sources */ = {isa = PBXBuildFile; fileRef = 3BE9E29C2CE35B2100696A14 /* Constants.swift */; };
		3BEB4B6F2CDAD21E0048BB96 /* AppStateManager.swift in Sources */ = {isa = PBXBuildFile; fileRef = 3BEB4B6E2CDAD21E0048BB96 /* AppStateManager.swift */; };
		3BED19D72CCEB24400237C35 /* HotKey in Frameworks */ = {isa = PBXBuildFile; productRef = 3BED19D62CCEB24400237C35 /* HotKey */; };
		3BED19DB2CCEC97900237C35 /* ClipsView.swift in Sources */ = {isa = PBXBuildFile; fileRef = 3BED19DA2CCEC97900237C35 /* ClipsView.swift */; };
		3BEFF8032CCE9E630073121F /* ClipboardManager.swift in Sources */ = {isa = PBXBuildFile; fileRef = 3BEFF8022CCE9E630073121F /* ClipboardManager.swift */; };
		3BEFF8092CCE9FB70073121F /* SettingsView.swift in Sources */ = {isa = PBXBuildFile; fileRef = 3BEFF8082CCE9FB70073121F /* SettingsView.swift */; };
/* End PBXBuildFile section */

/* Begin PBXFileReference section */
		21527E1B2C656978006B5982 /* ClipArt.app */ = {isa = PBXFileReference; explicitFileType = wrapper.application; includeInIndex = 0; path = ClipArt.app; sourceTree = BUILT_PRODUCTS_DIR; };
		21527E1E2C656978006B5982 /* ClipArtApp.swift */ = {isa = PBXFileReference; lastKnownFileType = sourcecode.swift; path = ClipArtApp.swift; sourceTree = "<group>"; };
		21527E222C656979006B5982 /* Assets.xcassets */ = {isa = PBXFileReference; lastKnownFileType = folder.assetcatalog; path = Assets.xcassets; sourceTree = "<group>"; };
		21527E252C656979006B5982 /* Preview Assets.xcassets */ = {isa = PBXFileReference; lastKnownFileType = folder.assetcatalog; path = "Preview Assets.xcassets"; sourceTree = "<group>"; };
		21527E272C656979006B5982 /* ClipArt.entitlements */ = {isa = PBXFileReference; lastKnownFileType = text.plist.entitlements; path = ClipArt.entitlements; sourceTree = "<group>"; };
		3B55CF4E2CEEA72000A33B49 /* KeyCode.swift */ = {isa = PBXFileReference; lastKnownFileType = sourcecode.swift; path = KeyCode.swift; sourceTree = "<group>"; };
		3B55CF512CEEAC7200A33B49 /* ClipsViewPlacement.swift */ = {isa = PBXFileReference; lastKnownFileType = sourcecode.swift; path = ClipsViewPlacement.swift; sourceTree = "<group>"; };
		3B8AC9802CE3E5CC0023CF71 /* Panel.swift */ = {isa = PBXFileReference; lastKnownFileType = sourcecode.swift; path = Panel.swift; sourceTree = "<group>"; };
		3B92AAA42CCE6CC0007C8CD4 /* Clip.swift */ = {isa = PBXFileReference; lastKnownFileType = sourcecode.swift; path = Clip.swift; sourceTree = "<group>"; };
		3B92AAA62CCE6CE2007C8CD4 /* Clip+Equatable.swift */ = {isa = PBXFileReference; lastKnownFileType = sourcecode.swift; path = "Clip+Equatable.swift"; sourceTree = "<group>"; };
		3B92AAA82CCE6D08007C8CD4 /* Clip+Hashable.swift */ = {isa = PBXFileReference; lastKnownFileType = sourcecode.swift; path = "Clip+Hashable.swift"; sourceTree = "<group>"; };
		3BC169FC2CED1468000897C0 /* ClipsStorage.swift */ = {isa = PBXFileReference; lastKnownFileType = sourcecode.swift; path = ClipsStorage.swift; sourceTree = "<group>"; };
		3BC16A042CED1ED9000897C0 /* ClipsViewModel.swift */ = {isa = PBXFileReference; lastKnownFileType = sourcecode.swift; path = ClipsViewModel.swift; sourceTree = "<group>"; };
		3BC9DB0B2CEBF44D001A20CA /* VisualEffectView.swift */ = {isa = PBXFileReference; lastKnownFileType = sourcecode.swift; path = VisualEffectView.swift; sourceTree = "<group>"; };
		3BCAE7382CED71C800E55165 /* ClipArt release.app */ = {isa = PBXFileReference; explicitFileType = wrapper.application; includeInIndex = 0; path = "ClipArt release.app"; sourceTree = BUILT_PRODUCTS_DIR; };
		3BD3EDCD2CCE9949003729B0 /* ClipView.swift */ = {isa = PBXFileReference; lastKnownFileType = sourcecode.swift; path = ClipView.swift; sourceTree = "<group>"; };
		3BE9E29C2CE35B2100696A14 /* Constants.swift */ = {isa = PBXFileReference; lastKnownFileType = sourcecode.swift; path = Constants.swift; sourceTree = "<group>"; };
		3BEB4B6E2CDAD21E0048BB96 /* AppStateManager.swift */ = {isa = PBXFileReference; lastKnownFileType = sourcecode.swift; path = AppStateManager.swift; sourceTree = "<group>"; };
		3BED19DA2CCEC97900237C35 /* ClipsView.swift */ = {isa = PBXFileReference; lastKnownFileType = sourcecode.swift; path = ClipsView.swift; sourceTree = "<group>"; };
		3BEFF8022CCE9E630073121F /* ClipboardManager.swift */ = {isa = PBXFileReference; lastKnownFileType = sourcecode.swift; path = ClipboardManager.swift; sourceTree = "<group>"; };
		3BEFF8082CCE9FB70073121F /* SettingsView.swift */ = {isa = PBXFileReference; lastKnownFileType = sourcecode.swift; path = SettingsView.swift; sourceTree = "<group>"; };
/* End PBXFileReference section */

/* Begin PBXFrameworksBuildPhase section */
		21527E182C656978006B5982 /* Frameworks */ = {
			isa = PBXFrameworksBuildPhase;
			buildActionMask = 2147483647;
			files = (
				3BED19D72CCEB24400237C35 /* HotKey in Frameworks */,
			);
			runOnlyForDeploymentPostprocessing = 0;
		};
		3BCAE7302CED71C800E55165 /* Frameworks */ = {
			isa = PBXFrameworksBuildPhase;
			buildActionMask = 2147483647;
			files = (
				3BCAE73B2CED724800E55165 /* HotKey in Frameworks */,
				3BCAE7312CED71C800E55165 /* (null) in Frameworks */,
			);
			runOnlyForDeploymentPostprocessing = 0;
		};
/* End PBXFrameworksBuildPhase section */

/* Begin PBXGroup section */
		21527E122C656978006B5982 = {
			isa = PBXGroup;
			children = (
				21527E1D2C656978006B5982 /* ClipArt */,
				3BCAE7392CED724800E55165 /* Frameworks */,
				21527E1C2C656978006B5982 /* Products */,
			);
			sourceTree = "<group>";
		};
		21527E1C2C656978006B5982 /* Products */ = {
			isa = PBXGroup;
			children = (
				21527E1B2C656978006B5982 /* ClipArt.app */,
				3BCAE7382CED71C800E55165 /* ClipArt release.app */,
			);
			name = Products;
			sourceTree = "<group>";
		};
		21527E1D2C656978006B5982 /* ClipArt */ = {
			isa = PBXGroup;
			children = (
				21527E1E2C656978006B5982 /* ClipArtApp.swift */,
				3BC169FC2CED1468000897C0 /* ClipsStorage.swift */,
				3BE9E29C2CE35B2100696A14 /* Constants.swift */,
				3B55CF4E2CEEA72000A33B49 /* KeyCode.swift */,
				3BC9DAEF2CEAC546001A20CA /* Managers */,
				3B92AAAA2CCE6D1A007C8CD4 /* Models */,
				3BD3EDC62CCE7171003729B0 /* View */,
				3BC16A052CED1ED9000897C0 /* ViewModel */,
				21527E242C656979006B5982 /* Preview Content */,
				21527E222C656979006B5982 /* Assets.xcassets */,
				21527E272C656979006B5982 /* ClipArt.entitlements */,
			);
			path = ClipArt;
			sourceTree = "<group>";
		};
		21527E242C656979006B5982 /* Preview Content */ = {
			isa = PBXGroup;
			children = (
				21527E252C656979006B5982 /* Preview Assets.xcassets */,
			);
			path = "Preview Content";
			sourceTree = "<group>";
		};
		3B92AAAA2CCE6D1A007C8CD4 /* Models */ = {
			isa = PBXGroup;
			children = (
				3B92AAA42CCE6CC0007C8CD4 /* Clip.swift */,
				3B92AAA62CCE6CE2007C8CD4 /* Clip+Equatable.swift */,
				3B92AAA82CCE6D08007C8CD4 /* Clip+Hashable.swift */,
			);
			path = Models;
			sourceTree = "<group>";
		};
		3BC16A052CED1ED9000897C0 /* ViewModel */ = {
			isa = PBXGroup;
			children = (
				3BC16A042CED1ED9000897C0 /* ClipsViewModel.swift */,
			);
			path = ViewModel;
			sourceTree = "<group>";
		};
		3BC9DAEF2CEAC546001A20CA /* Managers */ = {
			isa = PBXGroup;
			children = (
				3BEB4B6E2CDAD21E0048BB96 /* AppStateManager.swift */,
				3BEFF8022CCE9E630073121F /* ClipboardManager.swift */,
			);
			path = Managers;
			sourceTree = "<group>";
		};
		3BCAE7392CED724800E55165 /* Frameworks */ = {
			isa = PBXGroup;
			children = (
			);
			name = Frameworks;
			sourceTree = "<group>";
		};
		3BD3EDC62CCE7171003729B0 /* View */ = {
			isa = PBXGroup;
			children = (
				3B8AC9802CE3E5CC0023CF71 /* Panel.swift */,
				3BC9DB0B2CEBF44D001A20CA /* VisualEffectView.swift */,
				3BEFF8082CCE9FB70073121F /* SettingsView.swift */,
				3BED19DE2CCECC8300237C35 /* Clip */,
			);
			path = View;
			sourceTree = "<group>";
		};
		3BED19DE2CCECC8300237C35 /* Clip */ = {
			isa = PBXGroup;
			children = (
				3B55CF512CEEAC7200A33B49 /* ClipsViewPlacement.swift */,
				3BED19DA2CCEC97900237C35 /* ClipsView.swift */,
				3BD3EDCD2CCE9949003729B0 /* ClipView.swift */,
			);
			path = Clip;
			sourceTree = "<group>";
		};
/* End PBXGroup section */

/* Begin PBXNativeTarget section */
		21527E1A2C656978006B5982 /* ClipArt */ = {
			isa = PBXNativeTarget;
			buildConfigurationList = 21527E402C656979006B5982 /* Build configuration list for PBXNativeTarget "ClipArt" */;
			buildPhases = (
				21527E172C656978006B5982 /* Sources */,
				21527E182C656978006B5982 /* Frameworks */,
				21527E192C656978006B5982 /* Resources */,
			);
			buildRules = (
			);
			dependencies = (
			);
			name = ClipArt;
			productName = ClipArt;
			productReference = 21527E1B2C656978006B5982 /* ClipArt.app */;
			productType = "com.apple.product-type.application";
		};
		3BCAE71F2CED71C800E55165 /* ClipArt release */ = {
			isa = PBXNativeTarget;
			buildConfigurationList = 3BCAE7352CED71C800E55165 /* Build configuration list for PBXNativeTarget "ClipArt release" */;
			buildPhases = (
				3BCAE7202CED71C800E55165 /* Sources */,
				3BCAE7302CED71C800E55165 /* Frameworks */,
				3BCAE7322CED71C800E55165 /* Resources */,
			);
			buildRules = (
			);
			dependencies = (
			);
			name = "ClipArt release";
			productName = ClipArt;
			productReference = 3BCAE7382CED71C800E55165 /* ClipArt release.app */;
			productType = "com.apple.product-type.application";
		};
/* End PBXNativeTarget section */

/* Begin PBXProject section */
		21527E132C656978006B5982 /* Project object */ = {
			isa = PBXProject;
			attributes = {
				BuildIndependentTargetsInParallel = 1;
				LastSwiftUpdateCheck = 1540;
				LastUpgradeCheck = 1600;
				TargetAttributes = {
					21527E1A2C656978006B5982 = {
						CreatedOnToolsVersion = 15.4;
					};
				};
			};
			buildConfigurationList = 21527E162C656978006B5982 /* Build configuration list for PBXProject "ClipArt" */;
			compatibilityVersion = "Xcode 14.0";
			developmentRegion = en;
			hasScannedForEncodings = 0;
			knownRegions = (
				en,
				Base,
			);
			mainGroup = 21527E122C656978006B5982;
			packageReferences = (
				3BED19D52CCEB24400237C35 /* XCRemoteSwiftPackageReference "HotKey" */,
			);
			productRefGroup = 21527E1C2C656978006B5982 /* Products */;
			projectDirPath = "";
			projectRoot = "";
			targets = (
				21527E1A2C656978006B5982 /* ClipArt */,
				3BCAE71F2CED71C800E55165 /* ClipArt release */,
			);
		};
/* End PBXProject section */

/* Begin PBXResourcesBuildPhase section */
		21527E192C656978006B5982 /* Resources */ = {
			isa = PBXResourcesBuildPhase;
			buildActionMask = 2147483647;
			files = (
				21527E262C656979006B5982 /* Preview Assets.xcassets in Resources */,
				21527E232C656979006B5982 /* Assets.xcassets in Resources */,
			);
			runOnlyForDeploymentPostprocessing = 0;
		};
		3BCAE7322CED71C800E55165 /* Resources */ = {
			isa = PBXResourcesBuildPhase;
			buildActionMask = 2147483647;
			files = (
				3BCAE7332CED71C800E55165 /* Preview Assets.xcassets in Resources */,
				3BCAE7342CED71C800E55165 /* Assets.xcassets in Resources */,
			);
			runOnlyForDeploymentPostprocessing = 0;
		};
/* End PBXResourcesBuildPhase section */

/* Begin PBXSourcesBuildPhase section */
		21527E172C656978006B5982 /* Sources */ = {
			isa = PBXSourcesBuildPhase;
			buildActionMask = 2147483647;
			files = (
				3B55CF4F2CEEA72000A33B49 /* KeyCode.swift in Sources */,
				3BEB4B6F2CDAD21E0048BB96 /* AppStateManager.swift in Sources */,
				3B92AAA52CCE6CC3007C8CD4 /* Clip.swift in Sources */,
				3BEFF8032CCE9E630073121F /* ClipboardManager.swift in Sources */,
				3BED19DB2CCEC97900237C35 /* ClipsView.swift in Sources */,
				3BC16A062CED1ED9000897C0 /* ClipsViewModel.swift in Sources */,
				3BE9E29D2CE35B2600696A14 /* Constants.swift in Sources */,
				3B92AAA92CCE6D0D007C8CD4 /* Clip+Hashable.swift in Sources */,
				3B55CF532CEEAC7200A33B49 /* ClipsViewPlacement.swift in Sources */,
				3B92AAA72CCE6CE8007C8CD4 /* Clip+Equatable.swift in Sources */,
				21527E1F2C656978006B5982 /* ClipArtApp.swift in Sources */,
				3BC9DB0C2CEBF44D001A20CA /* VisualEffectView.swift in Sources */,
				3BD3EDCE2CCE9949003729B0 /* ClipView.swift in Sources */,
				3B8AC9812CE3E5CC0023CF71 /* Panel.swift in Sources */,
				3BEFF8092CCE9FB70073121F /* SettingsView.swift in Sources */,
				3BC169FD2CED1470000897C0 /* ClipsStorage.swift in Sources */,
			);
			runOnlyForDeploymentPostprocessing = 0;
		};
		3BCAE7202CED71C800E55165 /* Sources */ = {
			isa = PBXSourcesBuildPhase;
			buildActionMask = 2147483647;
			files = (
				3B55CF502CEEA72000A33B49 /* KeyCode.swift in Sources */,
				3BCAE7212CED71C800E55165 /* AppStateManager.swift in Sources */,
				3BCAE7222CED71C800E55165 /* Clip.swift in Sources */,
				3BCAE7232CED71C800E55165 /* ClipboardManager.swift in Sources */,
				3BCAE7242CED71C800E55165 /* ClipsView.swift in Sources */,
				3BCAE7252CED71C800E55165 /* ClipsViewModel.swift in Sources */,
				3BCAE7262CED71C800E55165 /* Constants.swift in Sources */,
				3BCAE7272CED71C800E55165 /* Clip+Hashable.swift in Sources */,
				3B55CF522CEEAC7200A33B49 /* ClipsViewPlacement.swift in Sources */,
				3BCAE7282CED71C800E55165 /* Clip+Equatable.swift in Sources */,
				3BCAE7292CED71C800E55165 /* ClipArtApp.swift in Sources */,
				3BCAE72A2CED71C800E55165 /* VisualEffectView.swift in Sources */,
				3BCAE72B2CED71C800E55165 /* ClipView.swift in Sources */,
				3BCAE72C2CED71C800E55165 /* Panel.swift in Sources */,
				3BCAE72E2CED71C800E55165 /* SettingsView.swift in Sources */,
				3BCAE72F2CED71C800E55165 /* ClipsStorage.swift in Sources */,
			);
			runOnlyForDeploymentPostprocessing = 0;
		};
/* End PBXSourcesBuildPhase section */

/* Begin XCBuildConfiguration section */
		21527E3E2C656979006B5982 /* Debug */ = {
			isa = XCBuildConfiguration;
			buildSettings = {
				ALWAYS_SEARCH_USER_PATHS = NO;
				ASSETCATALOG_COMPILER_GENERATE_SWIFT_ASSET_SYMBOL_EXTENSIONS = YES;
				CLANG_ANALYZER_NONNULL = YES;
				CLANG_ANALYZER_NUMBER_OBJECT_CONVERSION = YES_AGGRESSIVE;
				CLANG_CXX_LANGUAGE_STANDARD = "gnu++20";
				CLANG_ENABLE_MODULES = YES;
				CLANG_ENABLE_OBJC_ARC = YES;
				CLANG_ENABLE_OBJC_WEAK = YES;
				CLANG_WARN_BLOCK_CAPTURE_AUTORELEASING = YES;
				CLANG_WARN_BOOL_CONVERSION = YES;
				CLANG_WARN_COMMA = YES;
				CLANG_WARN_CONSTANT_CONVERSION = YES;
				CLANG_WARN_DEPRECATED_OBJC_IMPLEMENTATIONS = YES;
				CLANG_WARN_DIRECT_OBJC_ISA_USAGE = YES_ERROR;
				CLANG_WARN_DOCUMENTATION_COMMENTS = YES;
				CLANG_WARN_EMPTY_BODY = YES;
				CLANG_WARN_ENUM_CONVERSION = YES;
				CLANG_WARN_INFINITE_RECURSION = YES;
				CLANG_WARN_INT_CONVERSION = YES;
				CLANG_WARN_NON_LITERAL_NULL_CONVERSION = YES;
				CLANG_WARN_OBJC_IMPLICIT_RETAIN_SELF = YES;
				CLANG_WARN_OBJC_LITERAL_CONVERSION = YES;
				CLANG_WARN_OBJC_ROOT_CLASS = YES_ERROR;
				CLANG_WARN_QUOTED_INCLUDE_IN_FRAMEWORK_HEADER = YES;
				CLANG_WARN_RANGE_LOOP_ANALYSIS = YES;
				CLANG_WARN_STRICT_PROTOTYPES = YES;
				CLANG_WARN_SUSPICIOUS_MOVE = YES;
				CLANG_WARN_UNGUARDED_AVAILABILITY = YES_AGGRESSIVE;
				CLANG_WARN_UNREACHABLE_CODE = YES;
				CLANG_WARN__DUPLICATE_METHOD_MATCH = YES;
				COPY_PHASE_STRIP = NO;
				DEAD_CODE_STRIPPING = YES;
				DEBUG_INFORMATION_FORMAT = dwarf;
				ENABLE_STRICT_OBJC_MSGSEND = YES;
				ENABLE_TESTABILITY = YES;
				ENABLE_USER_SCRIPT_SANDBOXING = YES;
				GCC_C_LANGUAGE_STANDARD = gnu17;
				GCC_DYNAMIC_NO_PIC = NO;
				GCC_NO_COMMON_BLOCKS = YES;
				GCC_OPTIMIZATION_LEVEL = 0;
				GCC_PREPROCESSOR_DEFINITIONS = (
					"DEBUG=1",
					"$(inherited)",
				);
				GCC_WARN_64_TO_32_BIT_CONVERSION = YES;
				GCC_WARN_ABOUT_RETURN_TYPE = YES_ERROR;
				GCC_WARN_UNDECLARED_SELECTOR = YES;
				GCC_WARN_UNINITIALIZED_AUTOS = YES_AGGRESSIVE;
				GCC_WARN_UNUSED_FUNCTION = YES;
				GCC_WARN_UNUSED_VARIABLE = YES;
				LOCALIZATION_PREFERS_STRING_CATALOGS = YES;
				MACOSX_DEPLOYMENT_TARGET = 14.5;
				MTL_ENABLE_DEBUG_INFO = INCLUDE_SOURCE;
				MTL_FAST_MATH = YES;
				ONLY_ACTIVE_ARCH = YES;
				SDKROOT = macosx;
				SWIFT_ACTIVE_COMPILATION_CONDITIONS = "DEBUG $(inherited)";
				SWIFT_OPTIMIZATION_LEVEL = "-Onone";
				SWIFT_VERSION = 6.0;
			};
			name = Debug;
		};
		21527E3F2C656979006B5982 /* Release */ = {
			isa = XCBuildConfiguration;
			buildSettings = {
				ALWAYS_SEARCH_USER_PATHS = NO;
				ASSETCATALOG_COMPILER_GENERATE_SWIFT_ASSET_SYMBOL_EXTENSIONS = YES;
				CLANG_ANALYZER_NONNULL = YES;
				CLANG_ANALYZER_NUMBER_OBJECT_CONVERSION = YES_AGGRESSIVE;
				CLANG_CXX_LANGUAGE_STANDARD = "gnu++20";
				CLANG_ENABLE_MODULES = YES;
				CLANG_ENABLE_OBJC_ARC = YES;
				CLANG_ENABLE_OBJC_WEAK = YES;
				CLANG_WARN_BLOCK_CAPTURE_AUTORELEASING = YES;
				CLANG_WARN_BOOL_CONVERSION = YES;
				CLANG_WARN_COMMA = YES;
				CLANG_WARN_CONSTANT_CONVERSION = YES;
				CLANG_WARN_DEPRECATED_OBJC_IMPLEMENTATIONS = YES;
				CLANG_WARN_DIRECT_OBJC_ISA_USAGE = YES_ERROR;
				CLANG_WARN_DOCUMENTATION_COMMENTS = YES;
				CLANG_WARN_EMPTY_BODY = YES;
				CLANG_WARN_ENUM_CONVERSION = YES;
				CLANG_WARN_INFINITE_RECURSION = YES;
				CLANG_WARN_INT_CONVERSION = YES;
				CLANG_WARN_NON_LITERAL_NULL_CONVERSION = YES;
				CLANG_WARN_OBJC_IMPLICIT_RETAIN_SELF = YES;
				CLANG_WARN_OBJC_LITERAL_CONVERSION = YES;
				CLANG_WARN_OBJC_ROOT_CLASS = YES_ERROR;
				CLANG_WARN_QUOTED_INCLUDE_IN_FRAMEWORK_HEADER = YES;
				CLANG_WARN_RANGE_LOOP_ANALYSIS = YES;
				CLANG_WARN_STRICT_PROTOTYPES = YES;
				CLANG_WARN_SUSPICIOUS_MOVE = YES;
				CLANG_WARN_UNGUARDED_AVAILABILITY = YES_AGGRESSIVE;
				CLANG_WARN_UNREACHABLE_CODE = YES;
				CLANG_WARN__DUPLICATE_METHOD_MATCH = YES;
				COPY_PHASE_STRIP = NO;
				DEAD_CODE_STRIPPING = YES;
				DEBUG_INFORMATION_FORMAT = "dwarf-with-dsym";
				ENABLE_NS_ASSERTIONS = NO;
				ENABLE_STRICT_OBJC_MSGSEND = YES;
				ENABLE_USER_SCRIPT_SANDBOXING = YES;
				GCC_C_LANGUAGE_STANDARD = gnu17;
				GCC_NO_COMMON_BLOCKS = YES;
				GCC_WARN_64_TO_32_BIT_CONVERSION = YES;
				GCC_WARN_ABOUT_RETURN_TYPE = YES_ERROR;
				GCC_WARN_UNDECLARED_SELECTOR = YES;
				GCC_WARN_UNINITIALIZED_AUTOS = YES_AGGRESSIVE;
				GCC_WARN_UNUSED_FUNCTION = YES;
				GCC_WARN_UNUSED_VARIABLE = YES;
				LOCALIZATION_PREFERS_STRING_CATALOGS = YES;
				MACOSX_DEPLOYMENT_TARGET = 14.5;
				MTL_ENABLE_DEBUG_INFO = NO;
				MTL_FAST_MATH = YES;
				SDKROOT = macosx;
				SWIFT_COMPILATION_MODE = wholemodule;
				SWIFT_VERSION = 6.0;
			};
			name = Release;
		};
		21527E412C656979006B5982 /* Debug */ = {
			isa = XCBuildConfiguration;
			buildSettings = {
				ASSETCATALOG_COMPILER_APPICON_NAME = AppIcon;
				ASSETCATALOG_COMPILER_GLOBAL_ACCENT_COLOR_NAME = AccentColor;
				CODE_SIGN_ENTITLEMENTS = ClipArt/ClipArt.entitlements;
				"CODE_SIGN_IDENTITY[sdk=macosx*]" = "-";
				CODE_SIGN_STYLE = Automatic;
				COMBINE_HIDPI_IMAGES = YES;
				CURRENT_PROJECT_VERSION = 1;
				DEAD_CODE_STRIPPING = YES;
				DEVELOPMENT_ASSET_PATHS = "\"ClipArt/Preview Content\"";
				DEVELOPMENT_TEAM = R38NN26M52;
				ENABLE_HARDENED_RUNTIME = YES;
				ENABLE_PREVIEWS = YES;
				GENERATE_INFOPLIST_FILE = YES;
				INFOPLIST_KEY_CFBundleDisplayName = ClipArt;
				INFOPLIST_KEY_LSApplicationCategoryType = "public.app-category.utilities";
				INFOPLIST_KEY_LSUIElement = YES;
				INFOPLIST_KEY_NSHumanReadableCopyright = "";
				LD_RUNPATH_SEARCH_PATHS = (
					"$(inherited)",
					"@executable_path/../Frameworks",
				);
				MACOSX_DEPLOYMENT_TARGET = 15.0;
				MARKETING_VERSION = 1.0;
				PRODUCT_BUNDLE_IDENTIFIER = tuzin.art.ClipArt;
				PRODUCT_NAME = "$(TARGET_NAME)";
				SWIFT_EMIT_LOC_STRINGS = YES;
				SWIFT_VERSION = 6.0;
			};
			name = Debug;
		};
		21527E422C656979006B5982 /* Release */ = {
			isa = XCBuildConfiguration;
			buildSettings = {
				ASSETCATALOG_COMPILER_APPICON_NAME = AppIcon;
				ASSETCATALOG_COMPILER_GLOBAL_ACCENT_COLOR_NAME = AccentColor;
				CODE_SIGN_ENTITLEMENTS = ClipArt/ClipArt.entitlements;
				"CODE_SIGN_IDENTITY[sdk=macosx*]" = "-";
				CODE_SIGN_STYLE = Automatic;
				COMBINE_HIDPI_IMAGES = YES;
				CURRENT_PROJECT_VERSION = 1;
				DEAD_CODE_STRIPPING = YES;
				DEVELOPMENT_ASSET_PATHS = "\"ClipArt/Preview Content\"";
				DEVELOPMENT_TEAM = R38NN26M52;
				ENABLE_HARDENED_RUNTIME = YES;
				ENABLE_PREVIEWS = YES;
				GENERATE_INFOPLIST_FILE = YES;
				INFOPLIST_KEY_CFBundleDisplayName = ClipArt;
				INFOPLIST_KEY_LSApplicationCategoryType = "public.app-category.utilities";
				INFOPLIST_KEY_LSUIElement = YES;
				INFOPLIST_KEY_NSHumanReadableCopyright = "";
				LD_RUNPATH_SEARCH_PATHS = (
					"$(inherited)",
					"@executable_path/../Frameworks",
				);
				MACOSX_DEPLOYMENT_TARGET = 15.0;
				MARKETING_VERSION = 1.0;
				PRODUCT_BUNDLE_IDENTIFIER = tuzin.art.ClipArt;
				PRODUCT_NAME = "$(TARGET_NAME)";
				SWIFT_EMIT_LOC_STRINGS = YES;
				SWIFT_VERSION = 6.0;
			};
			name = Release;
		};
		3BCAE7362CED71C800E55165 /* Debug */ = {
			isa = XCBuildConfiguration;
			buildSettings = {
				ASSETCATALOG_COMPILER_APPICON_NAME = AppIcon;
				ASSETCATALOG_COMPILER_GLOBAL_ACCENT_COLOR_NAME = AccentColor;
				CODE_SIGN_ENTITLEMENTS = ClipArt/ClipArt.entitlements;
				"CODE_SIGN_IDENTITY[sdk=macosx*]" = "-";
				CODE_SIGN_STYLE = Automatic;
				COMBINE_HIDPI_IMAGES = YES;
				CURRENT_PROJECT_VERSION = 1;
				DEAD_CODE_STRIPPING = YES;
				DEVELOPMENT_ASSET_PATHS = "\"ClipArt/Preview Content\"";
				DEVELOPMENT_TEAM = R38NN26M52;
				ENABLE_HARDENED_RUNTIME = YES;
				ENABLE_PREVIEWS = YES;
				GENERATE_INFOPLIST_FILE = YES;
				INFOPLIST_KEY_CFBundleDisplayName = ClipArt;
				INFOPLIST_KEY_LSApplicationCategoryType = "public.app-category.utilities";
				INFOPLIST_KEY_LSUIElement = YES;
				INFOPLIST_KEY_NSHumanReadableCopyright = "";
				LD_RUNPATH_SEARCH_PATHS = (
					"$(inherited)",
					"@executable_path/../Frameworks",
				);
				MACOSX_DEPLOYMENT_TARGET = 15.0;
				MARKETING_VERSION = 1.0;
				PRODUCT_BUNDLE_IDENTIFIER = tuzin.art.ClipArt;
				PRODUCT_NAME = "$(TARGET_NAME)";
				SWIFT_EMIT_LOC_STRINGS = YES;
				SWIFT_VERSION = 6.0;
			};
			name = Debug;
		};
		3BCAE7372CED71C800E55165 /* Release */ = {
			isa = XCBuildConfiguration;
			buildSettings = {
				ASSETCATALOG_COMPILER_APPICON_NAME = AppIcon;
				ASSETCATALOG_COMPILER_GLOBAL_ACCENT_COLOR_NAME = AccentColor;
				CODE_SIGN_ENTITLEMENTS = ClipArt/ClipArt.entitlements;
				"CODE_SIGN_IDENTITY[sdk=macosx*]" = "-";
				CODE_SIGN_STYLE = Automatic;
				COMBINE_HIDPI_IMAGES = YES;
				CURRENT_PROJECT_VERSION = 1;
				DEAD_CODE_STRIPPING = YES;
				DEVELOPMENT_ASSET_PATHS = "\"ClipArt/Preview Content\"";
				DEVELOPMENT_TEAM = R38NN26M52;
				ENABLE_HARDENED_RUNTIME = YES;
				ENABLE_PREVIEWS = YES;
				GENERATE_INFOPLIST_FILE = YES;
				INFOPLIST_KEY_CFBundleDisplayName = ClipArt;
				INFOPLIST_KEY_LSApplicationCategoryType = "public.app-category.utilities";
				INFOPLIST_KEY_LSUIElement = YES;
				INFOPLIST_KEY_NSHumanReadableCopyright = "";
				LD_RUNPATH_SEARCH_PATHS = (
					"$(inherited)",
					"@executable_path/../Frameworks",
				);
				MACOSX_DEPLOYMENT_TARGET = 15.0;
				MARKETING_VERSION = 1.0;
				PRODUCT_BUNDLE_IDENTIFIER = tuzin.art.ClipArt;
				PRODUCT_NAME = "$(TARGET_NAME)";
				SWIFT_EMIT_LOC_STRINGS = YES;
				SWIFT_VERSION = 6.0;
			};
			name = Release;
		};
/* End XCBuildConfiguration section */

/* Begin XCConfigurationList section */
		21527E162C656978006B5982 /* Build configuration list for PBXProject "ClipArt" */ = {
			isa = XCConfigurationList;
			buildConfigurations = (
				21527E3E2C656979006B5982 /* Debug */,
				21527E3F2C656979006B5982 /* Release */,
			);
			defaultConfigurationIsVisible = 0;
			defaultConfigurationName = Release;
		};
		21527E402C656979006B5982 /* Build configuration list for PBXNativeTarget "ClipArt" */ = {
			isa = XCConfigurationList;
			buildConfigurations = (
				21527E412C656979006B5982 /* Debug */,
				21527E422C656979006B5982 /* Release */,
			);
			defaultConfigurationIsVisible = 0;
			defaultConfigurationName = Release;
		};
		3BCAE7352CED71C800E55165 /* Build configuration list for PBXNativeTarget "ClipArt release" */ = {
			isa = XCConfigurationList;
			buildConfigurations = (
				3BCAE7362CED71C800E55165 /* Debug */,
				3BCAE7372CED71C800E55165 /* Release */,
			);
			defaultConfigurationIsVisible = 0;
			defaultConfigurationName = Release;
		};
/* End XCConfigurationList section */

/* Begin XCRemoteSwiftPackageReference section */
		3BED19D52CCEB24400237C35 /* XCRemoteSwiftPackageReference "HotKey" */ = {
			isa = XCRemoteSwiftPackageReference;
			repositoryURL = "https://github.com/soffes/HotKey";
			requirement = {
				branch = main;
				kind = branch;
			};
		};
/* End XCRemoteSwiftPackageReference section */

/* Begin XCSwiftPackageProductDependency section */
		3BCAE73A2CED724800E55165 /* HotKey */ = {
			isa = XCSwiftPackageProductDependency;
			package = 3BED19D52CCEB24400237C35 /* XCRemoteSwiftPackageReference "HotKey" */;
			productName = HotKey;
		};
		3BED19D62CCEB24400237C35 /* HotKey */ = {
			isa = XCSwiftPackageProductDependency;
			package = 3BED19D52CCEB24400237C35 /* XCRemoteSwiftPackageReference "HotKey" */;
			productName = HotKey;
		};
/* End XCSwiftPackageProductDependency section */
	};
	rootObject = 21527E132C656978006B5982 /* Project object */;
}
